{
  "version": 4,
  "terraform_version": "0.12.17",
  "serial": 8,
  "lineage": "fbfbe7ef-7201-a6de-efaa-31dd366777ae",
  "outputs": {},
  "resources": [
    {
      "module": "module.networking",
      "mode": "managed",
      "type": "aws_internet_gateway",
      "name": "ig",
      "provider": "provider.aws",
      "instances": [
        {
          "schema_version": 0,
          "attributes": {
            "arn": "arn:aws:ec2:us-west-2:488411906022:internet-gateway/igw-0e4d463c3cd4f0834",
            "id": "igw-0e4d463c3cd4f0834",
            "owner_id": "488411906022",
            "tags": {
              "Environment": "production",
              "Name": "production-igw"
            },
            "vpc_id": "vpc-0d4b1123dc8bbc9af"
          },
          "private": "bnVsbA==",
          "dependencies": [
            "module.networking.aws_vpc.prod-vpc"
          ]
        }
      ]
    },
    {
      "module": "module.networking",
      "mode": "managed",
      "type": "aws_internet_gateway",
      "name": "prod-igw",
      "provider": "provider.aws",
      "instances": [
        {
          "status": "tainted",
          "schema_version": 0,
          "attributes": {
            "arn": null,
            "id": "igw-0bd9ab2695a674f87",
            "owner_id": null,
            "tags": {
              "Name": "prod-igw"
            },
            "vpc_id": "vpc-0d4b1123dc8bbc9af"
          },
          "private": "bnVsbA==",
          "dependencies": [
            "module.networking.aws_vpc.prod-vpc"
          ]
        }
      ]
    },
    {
      "module": "module.networking",
      "mode": "managed",
      "type": "aws_route_table",
      "name": "prod-public-crt",
      "provider": "provider.aws",
      "instances": []
    },
    {
      "module": "module.networking",
      "mode": "managed",
      "type": "aws_route_table_association",
      "name": "prod-crta-public-subnet-1",
      "provider": "provider.aws",
      "instances": []
    },
    {
      "module": "module.networking",
      "mode": "managed",
      "type": "aws_subnet",
      "name": "prod-subnet-public-1",
      "provider": "provider.aws",
      "instances": [
        {
          "schema_version": 1,
          "attributes": {
            "arn": "arn:aws:ec2:us-west-2:488411906022:subnet/subnet-09bca8109bf76a5fa",
            "assign_ipv6_address_on_creation": false,
            "availability_zone": "us-west-2a",
            "availability_zone_id": "usw2-az2",
            "cidr_block": "10.0.1.0/24",
            "customer_owned_ipv4_pool": "",
            "id": "subnet-09bca8109bf76a5fa",
            "ipv6_cidr_block": "",
            "ipv6_cidr_block_association_id": "",
            "map_customer_owned_ip_on_launch": false,
            "map_public_ip_on_launch": true,
            "outpost_arn": "",
            "owner_id": "488411906022",
            "tags": {
              "Environment": "production",
              "Name": "production-subnet"
            },
            "tags_all": {
              "Environment": "production",
              "Name": "production-subnet"
            },
            "timeouts": null,
            "vpc_id": "vpc-0d4b1123dc8bbc9af"
          },
          "private": "eyJlMmJmYjczMC1lY2FhLTExZTYtOGY4OC0zNDM2M2JjN2M0YzAiOnsiY3JlYXRlIjo2MDAwMDAwMDAwMDAsImRlbGV0ZSI6MTIwMDAwMDAwMDAwMH0sInNjaGVtYV92ZXJzaW9uIjoiMSJ9",
          "dependencies": [
            "module.networking.aws_vpc.prod-vpc"
          ]
        }
      ]
    },
    {
      "mode": "managed",
      "type": "aws_vpc",
      "name": "main",
      "provider": "provider.aws",
      "instances": [
        {
          "schema_version": 1,
          "attributes": {
            "arn": "arn:aws:ec2:us-west-2:488411906022:vpc/vpc-0bf0f451da76cd543",
            "assign_generated_ipv6_cidr_block": false,
            "cidr_block": "10.0.0.0/16",
            "default_network_acl_id": "acl-0d1ecfbf7f582f421",
            "default_route_table_id": "rtb-0f773c665eaecbb0e",
            "default_security_group_id": "sg-07351d426a616809c",
            "dhcp_options_id": "dopt-38a6185d",
            "enable_classiclink": false,
            "enable_classiclink_dns_support": false,
            "enable_dns_hostnames": false,
            "enable_dns_support": true,
            "id": "vpc-0bf0f451da76cd543",
            "instance_tenancy": "default",
            "ipv6_association_id": "",
            "ipv6_cidr_block": "",
            "main_route_table_id": "rtb-0f773c665eaecbb0e",
            "owner_id": "488411906022",
            "tags": {
              "Name": "main"
            },
            "tags_all": {
              "Name": "main"
            }
          },
          "private": "eyJzY2hlbWFfdmVyc2lvbiI6IjEifQ=="
        }
      ]
    },
    {
      "module": "module.networking",
      "mode": "managed",
      "type": "aws_vpc",
      "name": "prod-vpc",
      "provider": "provider.aws",
      "instances": [
        {
          "schema_version": 1,
          "attributes": {
            "arn": "arn:aws:ec2:us-west-2:488411906022:vpc/vpc-0d4b1123dc8bbc9af",
            "assign_generated_ipv6_cidr_block": false,
            "cidr_block": "10.0.0.0/16",
            "default_network_acl_id": "acl-02ffaadc4e0892919",
            "default_route_table_id": "rtb-0198895ff29ab12b6",
            "default_security_group_id": "sg-029989bebb606a77a",
            "dhcp_options_id": "dopt-38a6185d",
            "enable_classiclink": false,
            "enable_classiclink_dns_support": false,
            "enable_dns_hostnames": true,
            "enable_dns_support": true,
            "id": "vpc-0d4b1123dc8bbc9af",
            "instance_tenancy": "default",
            "ipv6_association_id": "",
            "ipv6_cidr_block": "",
            "main_route_table_id": "rtb-0198895ff29ab12b6",
            "owner_id": "488411906022",
            "tags": {
              "Environment": "production",
              "Name": "production-vpc"
            },
            "tags_all": {
              "Environment": "production",
              "Name": "production-vpc"
            }
          },
          "private": "eyJzY2hlbWFfdmVyc2lvbiI6IjEifQ=="
        }
      ]
    }
  ]
}
